{
  "name": "arrtm-miniapp-tutorial",
  "version": "1.0.0",
  "lockfileVersion": 2,
  "requires": true,
  "packages": {
    "": {
      "name": "arrtm-miniapp-tutorial",
      "version": "1.0.0",
      "license": "ISC",
      "dependencies": {
        "ar-rtm-sdk": "^1.0.11"
      }
    },
    "node_modules/ar-rtm-sdk": {
      "version": "1.0.11",
      "resolved": "https://registry.npmmirror.com/ar-rtm-sdk/-/ar-rtm-sdk-1.0.11.tgz",
      "integrity": "sha512-AUQJGCKXxGGOfFNnJV3KZtotlvupmyyqygx1Xp02GAYeREoTsvIXan3nGW74x/jhEa955rEAuJkaUcj6A1h9dg=="
    }
  },
  "dependencies": {
    "ar-rtm-sdk": {
      "version": "1.0.11",
      "resolved": "https://registry.npmmirror.com/ar-rtm-sdk/-/ar-rtm-sdk-1.0.11.tgz",
      "integrity": "sha512-AUQJGCKXxGGOfFNnJV3KZtotlvupmyyqygx1Xp02GAYeREoTsvIXan3nGW74x/jhEa955rEAuJkaUcj6A1h9dg=="
    }
  }
}
